
Microsoft Visual Studio Solution File, Format Version 12.00
# Visual Studio Version 17
VisualStudioVersion = 17.11.35327.3
MinimumVisualStudioVersion = 10.0.40219.1
Project("{8BC9CEB8-8B4A-11D0-8D11-00A0C91BC942}") = "section7", "section7\section7.vcxproj", "{2A90F194-11FD-43E0-A796-8EDC22D4DCD0}"
EndProject
Global
	GlobalSection(SolutionConfigurationPlatforms) = preSolution
		Debug|x64 = Debug|x64
		Debug|x86 = Debug|x86
		Release|x64 = Release|x64
		Release|x86 = Release|x86
	EndGlobalSection
	GlobalSection(ProjectConfigurationPlatforms) = postSolution
		{2A90F194-11FD-43E0-A796-8EDC22D4DCD0}.Debug|x64.ActiveCfg = Debug|x64
		{2A90F194-11FD-43E0-A796-8EDC22D4DCD0}.Debug|x64.Build.0 = Debug|x64
		{2A90F194-11FD-43E0-A796-8EDC22D4DCD0}.Debug|x86.ActiveCfg = Debug|Win32
		{2A90F194-11FD-43E0-A796-8EDC22D4DCD0}.Debug|x86.Build.0 = Debug|Win32
		{2A90F194-11FD-43E0-A796-8EDC22D4DCD0}.Release|x64.ActiveCfg = Release|x64
		{2A90F194-11FD-43E0-A796-8EDC22D4DCD0}.Release|x64.Build.0 = Release|x64
		{2A90F194-11FD-43E0-A796-8EDC22D4DCD0}.Release|x86.ActiveCfg = Release|Win32
		{2A90F194-11FD-43E0-A796-8EDC22D4DCD0}.Release|x86.Build.0 = Release|Win32
	EndGlobalSection
	GlobalSection(SolutionProperties) = preSolution
		HideSolutionNode = FALSE
	EndGlobalSection
	GlobalSection(ExtensibilityGlobals) = postSolution
		SolutionGuid = {115F9C98-6520-4CA5-84E6-F9A72D9022AE}
	EndGlobalSection
EndGlobal
